
Microsoft Visual Studio Solution File, Format Version 12.00
# Visual Studio 15
VisualStudioVersion = 15.0.27428.2027
MinimumVisualStudioVersion = 10.0.40219.1
Project("{FAE04EC0-301F-11D3-BF4B-00C04F79EFBC}") = "FlatUI", "FlatUI\FlatUI.csproj", "{62746E1E-683B-45B6-9880-7AD1FF3E59B7}"
EndProject
Global
	GlobalSection(SolutionConfigurationPlatforms) = preSolution
		Debug|Any CPU = Debug|Any CPU
		Release|Any CPU = Release|Any CPU
	EndGlobalSection
	GlobalSection(ProjectConfigurationPlatforms) = postSolution
		{62746E1E-683B-45B6-9880-7AD1FF3E59B7}.Debug|Any CPU.ActiveCfg = Debug|Any CPU
		{62746E1E-683B-45B6-9880-7AD1FF3E59B7}.Debug|Any CPU.Build.0 = Debug|Any CPU
		{62746E1E-683B-45B6-9880-7AD1FF3E59B7}.Release|Any CPU.ActiveCfg = Release|Any CPU
		{62746E1E-683B-45B6-9880-7AD1FF3E59B7}.Release|Any CPU.Build.0 = Release|Any CPU
	EndGlobalSection
	GlobalSection(SolutionProperties) = preSolution
		HideSolutionNode = FALSE
	EndGlobalSection
	GlobalSection(ExtensibilityGlobals) = postSolution
		SolutionGuid = {A28A8159-B7AC-46DC-82D3-3719CF2FC69D}
	EndGlobalSection
EndGlobal
